{
  "name": "hermione-url-decorator",
  "version": "1.0.0",
  "lockfileVersion": 2,
  "requires": true,
  "packages": {
    "": {
      "name": "hermione-url-decorator",
      "version": "1.0.0",
      "license": "ISC",
      "dependencies": {
        "urijs": "^1.19.6"
      }
    },
    "node_modules/urijs": {
      "version": "1.19.6",
      "resolved": "https://registry.npmjs.org/urijs/-/urijs-1.19.6.tgz",
      "integrity": "sha512-eSXsXZ2jLvGWeLYlQA3Gh36BcjF+0amo92+wHPyN1mdR8Nxf75fuEuYTd9c0a+m/vhCjRK0ESlE9YNLW+E1VEw=="
    }
  },
  "dependencies": {
    "urijs": {
      "version": "1.19.6",
      "resolved": "https://registry.npmjs.org/urijs/-/urijs-1.19.6.tgz",
      "integrity": "sha512-eSXsXZ2jLvGWeLYlQA3Gh36BcjF+0amo92+wHPyN1mdR8Nxf75fuEuYTd9c0a+m/vhCjRK0ESlE9YNLW+E1VEw=="
    }
  }
}
